
Microsoft Visual Studio Solution File, Format Version 12.00
# Visual Studio Version 17
VisualStudioVersion = 17.8.34525.116
MinimumVisualStudioVersion = 10.0.40219.1
Project("{FAE04EC0-301F-11D3-BF4B-00C04F79EFBC}") = "TODOLOQUEPUEDASCOMER", "TODOLOQUEPUEDASCOMER.csproj", "{58BB0198-F4B8-4B78-B3B1-BAB5A5B29BA9}"
EndProject
Global
	GlobalSection(SolutionConfigurationPlatforms) = preSolution
		Debug|Any CPU = Debug|Any CPU
		Release|Any CPU = Release|Any CPU
	EndGlobalSection
	GlobalSection(ProjectConfigurationPlatforms) = postSolution
		{58BB0198-F4B8-4B78-B3B1-BAB5A5B29BA9}.Debug|Any CPU.ActiveCfg = Debug|Any CPU
		{58BB0198-F4B8-4B78-B3B1-BAB5A5B29BA9}.Debug|Any CPU.Build.0 = Debug|Any CPU
		{58BB0198-F4B8-4B78-B3B1-BAB5A5B29BA9}.Release|Any CPU.ActiveCfg = Release|Any CPU
		{58BB0198-F4B8-4B78-B3B1-BAB5A5B29BA9}.Release|Any CPU.Build.0 = Release|Any CPU
	EndGlobalSection
	GlobalSection(SolutionProperties) = preSolution
		HideSolutionNode = FALSE
	EndGlobalSection
	GlobalSection(ExtensibilityGlobals) = postSolution
		SolutionGuid = {04610840-09F9-41AB-80B8-DD70D65203BC}
	EndGlobalSection
EndGlobal
